// !$*UTF8*$!
{
	archiveVersion = 1;
	classes = {
	};
	objectVersion = 46;
	objects = {

/* Begin PBXBuildFile section */
		8546FE3113C764A500B1452D /* UIKit.framework in Frameworks */ = {isa = PBXBuildFile; fileRef = 8546FE3013C764A500B1452D /* UIKit.framework */; };
		8546FE3313C764A500B1452D /* Foundation.framework in Frameworks */ = {isa = PBXBuildFile; fileRef = 8546FE3213C764A500B1452D /* Foundation.framework */; };
		8546FE3513C764A500B1452D /* CoreGraphics.framework in Frameworks */ = {isa = PBXBuildFile; fileRef = 8546FE3413C764A500B1452D /* CoreGraphics.framework */; };
		8546FE3B13C764A500B1452D /* InfoPlist.strings in Resources */ = {isa = PBXBuildFile; fileRef = 8546FE3913C764A500B1452D /* InfoPlist.strings */; };
		8546FE3D13C764A500B1452D /* main.m in Sources */ = {isa = PBXBuildFile; fileRef = 8546FE3C13C764A500B1452D /* main.m */; };
		8546FE4113C764A500B1452D /* TestAppDelegate.m in Sources */ = {isa = PBXBuildFile; fileRef = 8546FE4013C764A500B1452D /* TestAppDelegate.m */; };
		8546FE4413C764A500B1452D /* MainStoryboard.storyboard in Resources */ = {isa = PBXBuildFile; fileRef = 8546FE4213C764A500B1452D /* MainStoryboard.storyboard */; };
		8546FE4613C764A500B1452D /* FirstViewController.h in Resources */ = {isa = PBXBuildFile; fileRef = 8546FE4513C764A500B1452D /* FirstViewController.h */; };
		8546FE4813C764A500B1452D /* FirstViewController.m in Sources */ = {isa = PBXBuildFile; fileRef = 8546FE4713C764A500B1452D /* FirstViewController.m */; };
		8546FE4A13C764A500B1452D /* first.png in Resources */ = {isa = PBXBuildFile; fileRef = 8546FE4913C764A500B1452D /* first.png */; };
		8546FE4C13C764A500B1452D /* first@2x.png in Resources */ = {isa = PBXBuildFile; fileRef = 8546FE4B13C764A500B1452D /* first@2x.png */; };
		8546FE4E13C764A500B1452D /* SecondViewController.h in Resources */ = {isa = PBXBuildFile; fileRef = 8546FE4D13C764A500B1452D /* SecondViewController.h */; };
		8546FE5013C764A500B1452D /* SecondViewController.m in Sources */ = {isa = PBXBuildFile; fileRef = 8546FE4F13C764A500B1452D /* SecondViewController.m */; };
		8546FE5213C764A500B1452D /* second.png in Resources */ = {isa = PBXBuildFile; fileRef = 8546FE5113C764A500B1452D /* second.png */; };
		8546FE5413C764A500B1452D /* second@2x.png in Resources */ = {isa = PBXBuildFile; fileRef = 8546FE5313C764A500B1452D /* second@2x.png */; };
/* End PBXBuildFile section */

/* Begin PBXFileReference section */
		8546FE2C13C764A500B1452D /* Test.app */ = {isa = PBXFileReference; explicitFileType = wrapper.application; includeInIndex = 0; path = Test.app; sourceTree = BUILT_PRODUCTS_DIR; };
		8546FE3013C764A500B1452D /* UIKit.framework */ = {isa = PBXFileReference; lastKnownFileType = wrapper.framework; name = UIKit.framework; path = System/Library/Frameworks/UIKit.framework; sourceTree = SDKROOT; };
		8546FE3213C764A500B1452D /* Foundation.framework */ = {isa = PBXFileReference; lastKnownFileType = wrapper.framework; name = Foundation.framework; path = System/Library/Frameworks/Foundation.framework; sourceTree = SDKROOT; };
		8546FE3413C764A500B1452D /* CoreGraphics.framework */ = {isa = PBXFileReference; lastKnownFileType = wrapper.framework; name = CoreGraphics.framework; path = System/Library/Frameworks/CoreGraphics.framework; sourceTree = SDKROOT; };
		8546FE3813C764A500B1452D /* Test-Info.plist */ = {isa = PBXFileReference; path = "Test-Info.plist"; sourceTree = "<group>"; };
		8546FE3A13C764A500B1452D /* en */ = {isa = PBXFileReference; lastKnownFileType = text.plist.strings; name = en; path = en.lproj/InfoPlist.strings; sourceTree = "<group>"; };
		8546FE3C13C764A500B1452D /* main.m */ = {isa = PBXFileReference; lastKnownFileType = sourcecode.c.objc; path = main.m; sourceTree = "<group>"; };
		8546FE3E13C764A500B1452D /* Test-Prefix.pch */ = {isa = PBXFileReference; path = "Test-Prefix.pch"; sourceTree = "<group>"; };
		8546FE3F13C764A500B1452D /* TestAppDelegate.h */ = {isa = PBXFileReference; path = TestAppDelegate.h; sourceTree = "<group>"; };
		8546FE4013C764A500B1452D /* TestAppDelegate.m */ = {isa = PBXFileReference; lastKnownFileType = sourcecode.c.objc; path = TestAppDelegate.m; sourceTree = "<group>"; };
		8546FE4313C764A500B1452D /* en */ = {isa = PBXFileReference; lastKnownFileType = file.storyboard; name = en; path = en.lproj/MainStoryboard.storyboard; sourceTree = "<group>"; };
		8546FE4513C764A500B1452D /* FirstViewController.h */ = {isa = PBXFileReference; lastKnownFileType = sourcecode.c.h; path = FirstViewController.h; sourceTree = "<group>"; };
		8546FE4713C764A500B1452D /* FirstViewController.m */ = {isa = PBXFileReference; lastKnownFileType = sourcecode.c.objc; path = FirstViewController.m; sourceTree = "<group>"; };
		8546FE4913C764A500B1452D /* first.png */ = {isa = PBXFileReference; lastKnownFileType = image.png; path = first.png; sourceTree = "<group>"; };
		8546FE4B13C764A500B1452D /* first@2x.png */ = {isa = PBXFileReference; lastKnownFileType = image.png; path = "first@2x.png"; sourceTree = "<group>"; };
		8546FE4D13C764A500B1452D /* SecondViewController.h */ = {isa = PBXFileReference; lastKnownFileType = sourcecode.c.h; path = SecondViewController.h; sourceTree = "<group>"; };
		8546FE4F13C764A500B1452D /* SecondViewController.m */ = {isa = PBXFileReference; lastKnownFileType = sourcecode.c.objc; path = SecondViewController.m; sourceTree = "<group>"; };
		8546FE5113C764A500B1452D /* second.png */ = {isa = PBXFileReference; lastKnownFileType = image.png; path = second.png; sourceTree = "<group>"; };
		8546FE5313C764A500B1452D /* second@2x.png */ = {isa = PBXFileReference; lastKnownFileType = image.png; path = "second@2x.png"; sourceTree = "<group>"; };
/* End PBXFileReference section */

/* Begin PBXFrameworksBuildPhase section */
		8546FE2913C764A500B1452D /* Frameworks */ = {
			isa = PBXFrameworksBuildPhase;
			buildActionMask = 2147483647;
			files = (
				8546FE3113C764A500B1452D /* UIKit.framework in Frameworks */,
				8546FE3313C764A500B1452D /* Foundation.framework in Frameworks */,
				8546FE3513C764A500B1452D /* CoreGraphics.framework in Frameworks */,
			);
			runOnlyForDeploymentPostprocessing = 0;
		};
/* End PBXFrameworksBuildPhase section */

/* Begin PBXGroup section */
		8546FE2113C764A500B1452D = {
			isa = PBXGroup;
			children = (
				8546FE3613C764A500B1452D /* Test */,
				8546FE2F13C764A500B1452D /* Frameworks */,
				8546FE2D13C764A500B1452D /* Products */,
			);
			sourceTree = "<group>";
		};
		8546FE2D13C764A500B1452D /* Products */ = {
			isa = PBXGroup;
			children = (
				8546FE2C13C764A500B1452D /* Test.app */,
			);
			name = Products;
			sourceTree = "<group>";
		};
		8546FE2F13C764A500B1452D /* Frameworks */ = {
			isa = PBXGroup;
			children = (
				8546FE3013C764A500B1452D /* UIKit.framework */,
				8546FE3213C764A500B1452D /* Foundation.framework */,
				8546FE3413C764A500B1452D /* CoreGraphics.framework */,
			);
			name = Frameworks;
			sourceTree = "<group>";
		};
		8546FE3613C764A500B1452D /* Test */ = {
			isa = PBXGroup;
			children = (
				8546FE3F13C764A500B1452D /* TestAppDelegate.h */,
				8546FE4013C764A500B1452D /* TestAppDelegate.m */,
				8546FE4213C764A500B1452D /* MainStoryboard.storyboard */,
				8546FE4513C764A500B1452D /* FirstViewController.h */,
				8546FE4713C764A500B1452D /* FirstViewController.m */,
				8546FE4913C764A500B1452D /* first.png */,
				8546FE4B13C764A500B1452D /* first@2x.png */,
				8546FE4D13C764A500B1452D /* SecondViewController.h */,
				8546FE4F13C764A500B1452D /* SecondViewController.m */,
				8546FE5113C764A500B1452D /* second.png */,
				8546FE5313C764A500B1452D /* second@2x.png */,
				8546FE3713C764A500B1452D /* Supporting Files */,
			);
			path = Test;
			sourceTree = "<group>";
		};
		8546FE3713C764A500B1452D /* Supporting Files */ = {
			isa = PBXGroup;
			children = (
				8546FE3813C764A500B1452D /* Test-Info.plist */,
				8546FE3913C764A500B1452D /* InfoPlist.strings */,
				8546FE3C13C764A500B1452D /* main.m */,
				8546FE3E13C764A500B1452D /* Test-Prefix.pch */,
			);
			name = "Supporting Files";
			sourceTree = "<group>";
		};
/* End PBXGroup section */

/* Begin PBXNativeTarget section */
		8546FE2B13C764A500B1452D /* Test */ = {
			isa = PBXNativeTarget;
			buildConfigurationList = 8546FE5713C764A500B1452D /* Build configuration list for PBXNativeTarget "Test" */;
			buildPhases = (
				8546FE2813C764A500B1452D /* Sources */,
				8546FE2913C764A500B1452D /* Frameworks */,
				8546FE2A13C764A500B1452D /* Resources */,
			);
			buildRules = (
			);
			dependencies = (
			);
			name = Test;
			productName = Test;
			productReference = 8546FE2C13C764A500B1452D /* Test.app */;
			productType = "com.apple.product-type.application";
		};
/* End PBXNativeTarget section */

/* Begin PBXProject section */
		8546FE2313C764A500B1452D /* Project object */ = {
			isa = PBXProject;
			buildConfigurationList = 8546FE2613C764A500B1452D /* Build configuration list for PBXProject "Test" */;
			compatibilityVersion = "Xcode 3.2";
			developmentRegion = English;
			hasScannedForEncodings = 0;
			knownRegions = (
				en,
			);
			mainGroup = 8546FE2113C764A500B1452D;
			productRefGroup = 8546FE2D13C764A500B1452D /* Products */;
			projectDirPath = "";
			projectRoot = "";
			targets = (
				8546FE2B13C764A500B1452D /* Test */,
			);
		};
/* End PBXProject section */

/* Begin PBXResourcesBuildPhase section */
		8546FE2A13C764A500B1452D /* Resources */ = {
			isa = PBXResourcesBuildPhase;
			buildActionMask = 2147483647;
			files = (
				8546FE3B13C764A500B1452D /* InfoPlist.strings in Resources */,
				8546FE4413C764A500B1452D /* MainStoryboard.storyboard in Resources */,
				8546FE4613C764A500B1452D /* FirstViewController.h in Resources */,
				8546FE4A13C764A500B1452D /* first.png in Resources */,
				8546FE4C13C764A500B1452D /* first@2x.png in Resources */,
				8546FE4E13C764A500B1452D /* SecondViewController.h in Resources */,
				8546FE5213C764A500B1452D /* second.png in Resources */,
				8546FE5413C764A500B1452D /* second@2x.png in Resources */,
			);
			runOnlyForDeploymentPostprocessing = 0;
		};
/* End PBXResourcesBuildPhase section */

/* Begin PBXSourcesBuildPhase section */
		8546FE2813C764A500B1452D /* Sources */ = {
			isa = PBXSourcesBuildPhase;
			buildActionMask = 2147483647;
			files = (
				8546FE3D13C764A500B1452D /* main.m in Sources */,
				8546FE4113C764A500B1452D /* TestAppDelegate.m in Sources */,
				8546FE4813C764A500B1452D /* FirstViewController.m in Sources */,
				8546FE5013C764A500B1452D /* SecondViewController.m in Sources */,
			);
			runOnlyForDeploymentPostprocessing = 0;
		};
/* End PBXSourcesBuildPhase section */

/* Begin PBXVariantGroup section */
		8546FE3913C764A500B1452D /* InfoPlist.strings */ = {
			isa = PBXVariantGroup;
			children = (
				8546FE3A13C764A500B1452D /* en */,
			);
			name = InfoPlist.strings;
			sourceTree = "<group>";
		};
		8546FE4213C764A500B1452D /* MainStoryboard.storyboard */ = {
			isa = PBXVariantGroup;
			children = (
				8546FE4313C764A500B1452D /* en */,
			);
			name = MainStoryboard.storyboard;
			sourceTree = "<group>";
		};
/* End PBXVariantGroup section */

/* Begin XCBuildConfiguration section */
		8546FE5513C764A500B1452D /* Debug */ = {
			isa = XCBuildConfiguration;
			buildSettings = {
				ALWAYS_SEARCH_USER_PATHS = NO;
				ARCHS = "$(ARCHS_STANDARD_32_BIT)";
				CLANG_ENABLE_OBJC_ARC = YES;
				"CODE_SIGN_IDENTITY[sdk=iphoneos*]" = "iPhone Developer";
				COPY_PHASE_STRIP = NO;
				GCC_C_LANGUAGE_STANDARD = gnu99;
				GCC_DYNAMIC_NO_PIC = NO;
				GCC_OPTIMIZATION_LEVEL = 0;
				GCC_PREPROCESSOR_DEFINITIONS = (
					"DEBUG=1",
					"$(inherited)",
				);
				GCC_SYMBOLS_PRIVATE_EXTERN = NO;
				GCC_VERSION = com.apple.compilers.llvm.clang.1_0;
				GCC_WARN_ABOUT_MISSING_PROTOTYPES = YES;
				GCC_WARN_ABOUT_RETURN_TYPE = YES;
				GCC_WARN_UNUSED_VARIABLE = YES;
				IPHONEOS_DEPLOYMENT_TARGET = 5.0;
				SDKROOT = iphoneos;
			};
			name = Debug;
		};
		8546FE5613C764A500B1452D /* Release */ = {
			isa = XCBuildConfiguration;
			buildSettings = {
				ALWAYS_SEARCH_USER_PATHS = NO;
				ARCHS = "$(ARCHS_STANDARD_32_BIT)";
				CLANG_ENABLE_OBJC_ARC = YES;
				"CODE_SIGN_IDENTITY[sdk=iphoneos*]" = "iPhone Developer";
				COPY_PHASE_STRIP = YES;
				GCC_C_LANGUAGE_STANDARD = gnu99;
				GCC_VERSION = com.apple.compilers.llvm.clang.1_0;
				GCC_WARN_ABOUT_MISSING_PROTOTYPES = YES;
				GCC_WARN_ABOUT_RETURN_TYPE = YES;
				GCC_WARN_UNUSED_VARIABLE = YES;
				IPHONEOS_DEPLOYMENT_TARGET = 5.0;
				OTHER_CFLAGS = "-DNS_BLOCK_ASSERTIONS=1";
				SDKROOT = iphoneos;
				VALIDATE_PRODUCT = YES;
			};
			name = Release;
		};
		8546FE5813C764A500B1452D /* Debug */ = {
			isa = XCBuildConfiguration;
			buildSettings = {
				GCC_PRECOMPILE_PREFIX_HEADER = YES;
				GCC_PREFIX_HEADER = "Test/Test-Prefix.pch";
				INFOPLIST_FILE = "Test/Test-Info.plist";
				PRODUCT_NAME = "$(TARGET_NAME)";
				WRAPPER_EXTENSION = app;
			};
			name = Debug;
		};
		8546FE5913C764A500B1452D /* Release */ = {
			isa = XCBuildConfiguration;
			buildSettings = {
				GCC_PRECOMPILE_PREFIX_HEADER = YES;
				GCC_PREFIX_HEADER = "Test/Test-Prefix.pch";
				INFOPLIST_FILE = "Test/Test-Info.plist";
				PRODUCT_NAME = "$(TARGET_NAME)";
				WRAPPER_EXTENSION = app;
			};
			name = Release;
		};
/* End XCBuildConfiguration section */

/* Begin XCConfigurationList section */
		8546FE2613C764A500B1452D /* Build configuration list for PBXProject "Test" */ = {
			isa = XCConfigurationList;
			buildConfigurations = (
				8546FE5513C764A500B1452D /* Debug */,
				8546FE5613C764A500B1452D /* Release */,
			);
			defaultConfigurationIsVisible = 0;
			defaultConfigurationName = Release;
		};
		8546FE5713C764A500B1452D /* Build configuration list for PBXNativeTarget "Test" */ = {
			isa = XCConfigurationList;
			buildConfigurations = (
				8546FE5813C764A500B1452D /* Debug */,
				8546FE5913C764A500B1452D /* Release */,
			);
			defaultConfigurationIsVisible = 0;
		};
/* End XCConfigurationList section */
	};
	rootObject = 8546FE2313C764A500B1452D /* Project object */;
}
