// !$*UTF8*$!
{
	archiveVersion = 1;
	classes = {
	};
	objectVersion = 46;
	objects = {

/* Begin PBXBuildFile section */
		8504711013BBD02D0052F1F4 /* SeriesController.m in Sources */ = {isa = PBXBuildFile; fileRef = 8504710F13BBD02D0052F1F4 /* SeriesController.m */; };
		8504711713BBD68B0052F1F4 /* SeriesTableController.m in Sources */ = {isa = PBXBuildFile; fileRef = 8504711613BBD68B0052F1F4 /* SeriesTableController.m */; };
		8504713213BBDBD50052F1F4 /* NSObject+SBJson.m in Sources */ = {isa = PBXBuildFile; fileRef = 8504711A13BBDBD50052F1F4 /* NSObject+SBJson.m */; };
		8504713313BBDBD50052F1F4 /* SBJsonParser.m in Sources */ = {isa = PBXBuildFile; fileRef = 8504711D13BBDBD50052F1F4 /* SBJsonParser.m */; };
		8504713413BBDBD50052F1F4 /* SBJsonStreamParser.m in Sources */ = {isa = PBXBuildFile; fileRef = 8504711F13BBDBD50052F1F4 /* SBJsonStreamParser.m */; };
		8504713513BBDBD50052F1F4 /* SBJsonStreamParserAccumulator.m in Sources */ = {isa = PBXBuildFile; fileRef = 8504712113BBDBD50052F1F4 /* SBJsonStreamParserAccumulator.m */; };
		8504713613BBDBD50052F1F4 /* SBJsonStreamParserAdapter.m in Sources */ = {isa = PBXBuildFile; fileRef = 8504712313BBDBD50052F1F4 /* SBJsonStreamParserAdapter.m */; };
		8504713713BBDBD50052F1F4 /* SBJsonStreamParserState.m in Sources */ = {isa = PBXBuildFile; fileRef = 8504712513BBDBD50052F1F4 /* SBJsonStreamParserState.m */; };
		8504713813BBDBD50052F1F4 /* SBJsonStreamWriter.m in Sources */ = {isa = PBXBuildFile; fileRef = 8504712713BBDBD50052F1F4 /* SBJsonStreamWriter.m */; };
		8504713913BBDBD50052F1F4 /* SBJsonStreamWriterAccumulator.m in Sources */ = {isa = PBXBuildFile; fileRef = 8504712913BBDBD50052F1F4 /* SBJsonStreamWriterAccumulator.m */; };
		8504713A13BBDBD50052F1F4 /* SBJsonStreamWriterState.m in Sources */ = {isa = PBXBuildFile; fileRef = 8504712B13BBDBD50052F1F4 /* SBJsonStreamWriterState.m */; };
		8504713B13BBDBD50052F1F4 /* SBJsonTokeniser.m in Sources */ = {isa = PBXBuildFile; fileRef = 8504712D13BBDBD50052F1F4 /* SBJsonTokeniser.m */; };
		8504713C13BBDBD50052F1F4 /* SBJsonUTF8Stream.m in Sources */ = {isa = PBXBuildFile; fileRef = 8504712F13BBDBD50052F1F4 /* SBJsonUTF8Stream.m */; };
		8504713D13BBDBD50052F1F4 /* SBJsonWriter.m in Sources */ = {isa = PBXBuildFile; fileRef = 8504713113BBDBD50052F1F4 /* SBJsonWriter.m */; };
		85B543C313BBCC2A0065B152 /* UIKit.framework in Frameworks */ = {isa = PBXBuildFile; fileRef = 85B543C213BBCC2A0065B152 /* UIKit.framework */; };
		85B543C513BBCC2A0065B152 /* Foundation.framework in Frameworks */ = {isa = PBXBuildFile; fileRef = 85B543C413BBCC2A0065B152 /* Foundation.framework */; };
		85B543C713BBCC2A0065B152 /* CoreGraphics.framework in Frameworks */ = {isa = PBXBuildFile; fileRef = 85B543C613BBCC2A0065B152 /* CoreGraphics.framework */; };
		85B543CD13BBCC2A0065B152 /* InfoPlist.strings in Resources */ = {isa = PBXBuildFile; fileRef = 85B543CB13BBCC2A0065B152 /* InfoPlist.strings */; };
		85B543CF13BBCC2A0065B152 /* main.m in Sources */ = {isa = PBXBuildFile; fileRef = 85B543CE13BBCC2A0065B152 /* main.m */; };
		85B543D313BBCC2A0065B152 /* PartilleTennisAppDelegate.m in Sources */ = {isa = PBXBuildFile; fileRef = 85B543D213BBCC2A0065B152 /* PartilleTennisAppDelegate.m */; };
		85B7182413BE216B00E8A81C /* MatchesController.m in Sources */ = {isa = PBXBuildFile; fileRef = 85B7182313BE216B00E8A81C /* MatchesController.m */; };
		85B7182A13C3ABC900E8A81C /* Match.m in Sources */ = {isa = PBXBuildFile; fileRef = 85B7182913C3ABC900E8A81C /* Match.m */; };
		85B7182D13C3AE5D00E8A81C /* PfService.m in Sources */ = {isa = PBXBuildFile; fileRef = 85B7182C13C3AE5D00E8A81C /* PfService.m */; };
		85B7183713C3C8B100E8A81C /* SeriesTable.m in Sources */ = {isa = PBXBuildFile; fileRef = 85B7183613C3C8B000E8A81C /* SeriesTable.m */; };
/* End PBXBuildFile section */

/* Begin PBXFileReference section */
		8504710E13BBD02D0052F1F4 /* SeriesController.h */ = {isa = PBXFileReference; fileEncoding = 4; lastKnownFileType = sourcecode.c.h; path = SeriesController.h; sourceTree = "<group>"; };
		8504710F13BBD02D0052F1F4 /* SeriesController.m */ = {isa = PBXFileReference; fileEncoding = 4; lastKnownFileType = sourcecode.c.objc; path = SeriesController.m; sourceTree = "<group>"; };
		8504711513BBD68B0052F1F4 /* SeriesTableController.h */ = {isa = PBXFileReference; fileEncoding = 4; lastKnownFileType = sourcecode.c.h; path = SeriesTableController.h; sourceTree = "<group>"; };
		8504711613BBD68B0052F1F4 /* SeriesTableController.m */ = {isa = PBXFileReference; fileEncoding = 4; lastKnownFileType = sourcecode.c.objc; path = SeriesTableController.m; sourceTree = "<group>"; };
		8504711913BBDBD50052F1F4 /* NSObject+SBJson.h */ = {isa = PBXFileReference; fileEncoding = 4; lastKnownFileType = sourcecode.c.h; path = "NSObject+SBJson.h"; sourceTree = "<group>"; };
		8504711A13BBDBD50052F1F4 /* NSObject+SBJson.m */ = {isa = PBXFileReference; fileEncoding = 4; lastKnownFileType = sourcecode.c.objc; path = "NSObject+SBJson.m"; sourceTree = "<group>"; };
		8504711B13BBDBD50052F1F4 /* SBJson.h */ = {isa = PBXFileReference; fileEncoding = 4; lastKnownFileType = sourcecode.c.h; path = SBJson.h; sourceTree = "<group>"; };
		8504711C13BBDBD50052F1F4 /* SBJsonParser.h */ = {isa = PBXFileReference; fileEncoding = 4; lastKnownFileType = sourcecode.c.h; path = SBJsonParser.h; sourceTree = "<group>"; };
		8504711D13BBDBD50052F1F4 /* SBJsonParser.m */ = {isa = PBXFileReference; fileEncoding = 4; lastKnownFileType = sourcecode.c.objc; path = SBJsonParser.m; sourceTree = "<group>"; };
		8504711E13BBDBD50052F1F4 /* SBJsonStreamParser.h */ = {isa = PBXFileReference; fileEncoding = 4; lastKnownFileType = sourcecode.c.h; path = SBJsonStreamParser.h; sourceTree = "<group>"; };
		8504711F13BBDBD50052F1F4 /* SBJsonStreamParser.m */ = {isa = PBXFileReference; fileEncoding = 4; lastKnownFileType = sourcecode.c.objc; path = SBJsonStreamParser.m; sourceTree = "<group>"; };
		8504712013BBDBD50052F1F4 /* SBJsonStreamParserAccumulator.h */ = {isa = PBXFileReference; fileEncoding = 4; lastKnownFileType = sourcecode.c.h; path = SBJsonStreamParserAccumulator.h; sourceTree = "<group>"; };
		8504712113BBDBD50052F1F4 /* SBJsonStreamParserAccumulator.m */ = {isa = PBXFileReference; fileEncoding = 4; lastKnownFileType = sourcecode.c.objc; path = SBJsonStreamParserAccumulator.m; sourceTree = "<group>"; };
		8504712213BBDBD50052F1F4 /* SBJsonStreamParserAdapter.h */ = {isa = PBXFileReference; fileEncoding = 4; lastKnownFileType = sourcecode.c.h; path = SBJsonStreamParserAdapter.h; sourceTree = "<group>"; };
		8504712313BBDBD50052F1F4 /* SBJsonStreamParserAdapter.m */ = {isa = PBXFileReference; fileEncoding = 4; lastKnownFileType = sourcecode.c.objc; path = SBJsonStreamParserAdapter.m; sourceTree = "<group>"; };
		8504712413BBDBD50052F1F4 /* SBJsonStreamParserState.h */ = {isa = PBXFileReference; fileEncoding = 4; lastKnownFileType = sourcecode.c.h; path = SBJsonStreamParserState.h; sourceTree = "<group>"; };
		8504712513BBDBD50052F1F4 /* SBJsonStreamParserState.m */ = {isa = PBXFileReference; fileEncoding = 4; lastKnownFileType = sourcecode.c.objc; path = SBJsonStreamParserState.m; sourceTree = "<group>"; };
		8504712613BBDBD50052F1F4 /* SBJsonStreamWriter.h */ = {isa = PBXFileReference; fileEncoding = 4; lastKnownFileType = sourcecode.c.h; path = SBJsonStreamWriter.h; sourceTree = "<group>"; };
		8504712713BBDBD50052F1F4 /* SBJsonStreamWriter.m */ = {isa = PBXFileReference; fileEncoding = 4; lastKnownFileType = sourcecode.c.objc; path = SBJsonStreamWriter.m; sourceTree = "<group>"; };
		8504712813BBDBD50052F1F4 /* SBJsonStreamWriterAccumulator.h */ = {isa = PBXFileReference; fileEncoding = 4; lastKnownFileType = sourcecode.c.h; path = SBJsonStreamWriterAccumulator.h; sourceTree = "<group>"; };
		8504712913BBDBD50052F1F4 /* SBJsonStreamWriterAccumulator.m */ = {isa = PBXFileReference; fileEncoding = 4; lastKnownFileType = sourcecode.c.objc; path = SBJsonStreamWriterAccumulator.m; sourceTree = "<group>"; };
		8504712A13BBDBD50052F1F4 /* SBJsonStreamWriterState.h */ = {isa = PBXFileReference; fileEncoding = 4; lastKnownFileType = sourcecode.c.h; path = SBJsonStreamWriterState.h; sourceTree = "<group>"; };
		8504712B13BBDBD50052F1F4 /* SBJsonStreamWriterState.m */ = {isa = PBXFileReference; fileEncoding = 4; lastKnownFileType = sourcecode.c.objc; path = SBJsonStreamWriterState.m; sourceTree = "<group>"; };
		8504712C13BBDBD50052F1F4 /* SBJsonTokeniser.h */ = {isa = PBXFileReference; fileEncoding = 4; lastKnownFileType = sourcecode.c.h; path = SBJsonTokeniser.h; sourceTree = "<group>"; };
		8504712D13BBDBD50052F1F4 /* SBJsonTokeniser.m */ = {isa = PBXFileReference; fileEncoding = 4; lastKnownFileType = sourcecode.c.objc; path = SBJsonTokeniser.m; sourceTree = "<group>"; };
		8504712E13BBDBD50052F1F4 /* SBJsonUTF8Stream.h */ = {isa = PBXFileReference; fileEncoding = 4; lastKnownFileType = sourcecode.c.h; path = SBJsonUTF8Stream.h; sourceTree = "<group>"; };
		8504712F13BBDBD50052F1F4 /* SBJsonUTF8Stream.m */ = {isa = PBXFileReference; fileEncoding = 4; lastKnownFileType = sourcecode.c.objc; path = SBJsonUTF8Stream.m; sourceTree = "<group>"; };
		8504713013BBDBD50052F1F4 /* SBJsonWriter.h */ = {isa = PBXFileReference; fileEncoding = 4; lastKnownFileType = sourcecode.c.h; path = SBJsonWriter.h; sourceTree = "<group>"; };
		8504713113BBDBD50052F1F4 /* SBJsonWriter.m */ = {isa = PBXFileReference; fileEncoding = 4; lastKnownFileType = sourcecode.c.objc; path = SBJsonWriter.m; sourceTree = "<group>"; };
		85B543BE13BBCC2A0065B152 /* PartilleTennis.app */ = {isa = PBXFileReference; explicitFileType = wrapper.application; includeInIndex = 0; path = PartilleTennis.app; sourceTree = BUILT_PRODUCTS_DIR; };
		85B543C213BBCC2A0065B152 /* UIKit.framework */ = {isa = PBXFileReference; lastKnownFileType = wrapper.framework; name = UIKit.framework; path = System/Library/Frameworks/UIKit.framework; sourceTree = SDKROOT; };
		85B543C413BBCC2A0065B152 /* Foundation.framework */ = {isa = PBXFileReference; lastKnownFileType = wrapper.framework; name = Foundation.framework; path = System/Library/Frameworks/Foundation.framework; sourceTree = SDKROOT; };
		85B543C613BBCC2A0065B152 /* CoreGraphics.framework */ = {isa = PBXFileReference; lastKnownFileType = wrapper.framework; name = CoreGraphics.framework; path = System/Library/Frameworks/CoreGraphics.framework; sourceTree = SDKROOT; };
		85B543CA13BBCC2A0065B152 /* PartilleTennis-Info.plist */ = {isa = PBXFileReference; lastKnownFileType = text.plist.xml; path = "PartilleTennis-Info.plist"; sourceTree = "<group>"; };
		85B543CC13BBCC2A0065B152 /* en */ = {isa = PBXFileReference; lastKnownFileType = text.plist.strings; name = en; path = en.lproj/InfoPlist.strings; sourceTree = "<group>"; };
		85B543CE13BBCC2A0065B152 /* main.m */ = {isa = PBXFileReference; lastKnownFileType = sourcecode.c.objc; path = main.m; sourceTree = "<group>"; };
		85B543D013BBCC2A0065B152 /* PartilleTennis-Prefix.pch */ = {isa = PBXFileReference; lastKnownFileType = sourcecode.c.h; path = "PartilleTennis-Prefix.pch"; sourceTree = "<group>"; };
		85B543D113BBCC2A0065B152 /* PartilleTennisAppDelegate.h */ = {isa = PBXFileReference; lastKnownFileType = sourcecode.c.h; path = PartilleTennisAppDelegate.h; sourceTree = "<group>"; };
		85B543D213BBCC2A0065B152 /* PartilleTennisAppDelegate.m */ = {isa = PBXFileReference; lastKnownFileType = sourcecode.c.objc; path = PartilleTennisAppDelegate.m; sourceTree = "<group>"; };
		85B7182213BE216B00E8A81C /* MatchesController.h */ = {isa = PBXFileReference; fileEncoding = 4; lastKnownFileType = sourcecode.c.h; path = MatchesController.h; sourceTree = "<group>"; };
		85B7182313BE216B00E8A81C /* MatchesController.m */ = {isa = PBXFileReference; fileEncoding = 4; lastKnownFileType = sourcecode.c.objc; path = MatchesController.m; sourceTree = "<group>"; };
		85B7182813C3ABC900E8A81C /* Match.h */ = {isa = PBXFileReference; fileEncoding = 4; lastKnownFileType = sourcecode.c.h; path = Match.h; sourceTree = "<group>"; };
		85B7182913C3ABC900E8A81C /* Match.m */ = {isa = PBXFileReference; fileEncoding = 4; lastKnownFileType = sourcecode.c.objc; path = Match.m; sourceTree = "<group>"; };
		85B7182B13C3AE5D00E8A81C /* PfService.h */ = {isa = PBXFileReference; fileEncoding = 4; lastKnownFileType = sourcecode.c.h; path = PfService.h; sourceTree = "<group>"; };
		85B7182C13C3AE5D00E8A81C /* PfService.m */ = {isa = PBXFileReference; fileEncoding = 4; lastKnownFileType = sourcecode.c.objc; path = PfService.m; sourceTree = "<group>"; };
		85B7183513C3C8B000E8A81C /* SeriesTable.h */ = {isa = PBXFileReference; fileEncoding = 4; lastKnownFileType = sourcecode.c.h; path = SeriesTable.h; sourceTree = "<group>"; };
		85B7183613C3C8B000E8A81C /* SeriesTable.m */ = {isa = PBXFileReference; fileEncoding = 4; lastKnownFileType = sourcecode.c.objc; path = SeriesTable.m; sourceTree = "<group>"; };
/* End PBXFileReference section */

/* Begin PBXFrameworksBuildPhase section */
		85B543BB13BBCC290065B152 /* Frameworks */ = {
			isa = PBXFrameworksBuildPhase;
			buildActionMask = 2147483647;
			files = (
				85B543C313BBCC2A0065B152 /* UIKit.framework in Frameworks */,
				85B543C513BBCC2A0065B152 /* Foundation.framework in Frameworks */,
				85B543C713BBCC2A0065B152 /* CoreGraphics.framework in Frameworks */,
			);
			runOnlyForDeploymentPostprocessing = 0;
		};
/* End PBXFrameworksBuildPhase section */

/* Begin PBXGroup section */
		8504711813BBDBAF0052F1F4 /* SBJson */ = {
			isa = PBXGroup;
			children = (
				8504711913BBDBD50052F1F4 /* NSObject+SBJson.h */,
				8504711A13BBDBD50052F1F4 /* NSObject+SBJson.m */,
				8504711B13BBDBD50052F1F4 /* SBJson.h */,
				8504711C13BBDBD50052F1F4 /* SBJsonParser.h */,
				8504711D13BBDBD50052F1F4 /* SBJsonParser.m */,
				8504711E13BBDBD50052F1F4 /* SBJsonStreamParser.h */,
				8504711F13BBDBD50052F1F4 /* SBJsonStreamParser.m */,
				8504712013BBDBD50052F1F4 /* SBJsonStreamParserAccumulator.h */,
				8504712113BBDBD50052F1F4 /* SBJsonStreamParserAccumulator.m */,
				8504712213BBDBD50052F1F4 /* SBJsonStreamParserAdapter.h */,
				8504712313BBDBD50052F1F4 /* SBJsonStreamParserAdapter.m */,
				8504712413BBDBD50052F1F4 /* SBJsonStreamParserState.h */,
				8504712513BBDBD50052F1F4 /* SBJsonStreamParserState.m */,
				8504712613BBDBD50052F1F4 /* SBJsonStreamWriter.h */,
				8504712713BBDBD50052F1F4 /* SBJsonStreamWriter.m */,
				8504712813BBDBD50052F1F4 /* SBJsonStreamWriterAccumulator.h */,
				8504712913BBDBD50052F1F4 /* SBJsonStreamWriterAccumulator.m */,
				8504712A13BBDBD50052F1F4 /* SBJsonStreamWriterState.h */,
				8504712B13BBDBD50052F1F4 /* SBJsonStreamWriterState.m */,
				8504712C13BBDBD50052F1F4 /* SBJsonTokeniser.h */,
				8504712D13BBDBD50052F1F4 /* SBJsonTokeniser.m */,
				8504712E13BBDBD50052F1F4 /* SBJsonUTF8Stream.h */,
				8504712F13BBDBD50052F1F4 /* SBJsonUTF8Stream.m */,
				8504713013BBDBD50052F1F4 /* SBJsonWriter.h */,
				8504713113BBDBD50052F1F4 /* SBJsonWriter.m */,
			);
			name = SBJson;
			sourceTree = "<group>";
		};
		85B543B313BBCC290065B152 = {
			isa = PBXGroup;
			children = (
				85B543C813BBCC2A0065B152 /* PartilleTennis */,
				85B543C113BBCC2A0065B152 /* Frameworks */,
				85B543BF13BBCC2A0065B152 /* Products */,
			);
			sourceTree = "<group>";
		};
		85B543BF13BBCC2A0065B152 /* Products */ = {
			isa = PBXGroup;
			children = (
				85B543BE13BBCC2A0065B152 /* PartilleTennis.app */,
			);
			name = Products;
			sourceTree = "<group>";
		};
		85B543C113BBCC2A0065B152 /* Frameworks */ = {
			isa = PBXGroup;
			children = (
				85B543C213BBCC2A0065B152 /* UIKit.framework */,
				85B543C413BBCC2A0065B152 /* Foundation.framework */,
				85B543C613BBCC2A0065B152 /* CoreGraphics.framework */,
			);
			name = Frameworks;
			sourceTree = "<group>";
		};
		85B543C813BBCC2A0065B152 /* PartilleTennis */ = {
			isa = PBXGroup;
			children = (
				85B7182713C3AB7D00E8A81C /* Models */,
				85B7182613C3AB5600E8A81C /* Services */,
				85B7182513C3AB3000E8A81C /* Controllers */,
				8504711813BBDBAF0052F1F4 /* SBJson */,
				85B543D113BBCC2A0065B152 /* PartilleTennisAppDelegate.h */,
				85B543D213BBCC2A0065B152 /* PartilleTennisAppDelegate.m */,
				85B543C913BBCC2A0065B152 /* Supporting Files */,
			);
			path = PartilleTennis;
			sourceTree = "<group>";
		};
		85B543C913BBCC2A0065B152 /* Supporting Files */ = {
			isa = PBXGroup;
			children = (
				85B543CA13BBCC2A0065B152 /* PartilleTennis-Info.plist */,
				85B543CB13BBCC2A0065B152 /* InfoPlist.strings */,
				85B543CE13BBCC2A0065B152 /* main.m */,
				85B543D013BBCC2A0065B152 /* PartilleTennis-Prefix.pch */,
			);
			name = "Supporting Files";
			sourceTree = "<group>";
		};
		85B7182513C3AB3000E8A81C /* Controllers */ = {
			isa = PBXGroup;
			children = (
				8504710E13BBD02D0052F1F4 /* SeriesController.h */,
				8504710F13BBD02D0052F1F4 /* SeriesController.m */,
				8504711513BBD68B0052F1F4 /* SeriesTableController.h */,
				8504711613BBD68B0052F1F4 /* SeriesTableController.m */,
				85B7182213BE216B00E8A81C /* MatchesController.h */,
				85B7182313BE216B00E8A81C /* MatchesController.m */,
			);
			name = Controllers;
			sourceTree = "<group>";
		};
		85B7182613C3AB5600E8A81C /* Services */ = {
			isa = PBXGroup;
			children = (
				85B7182B13C3AE5D00E8A81C /* PfService.h */,
				85B7182C13C3AE5D00E8A81C /* PfService.m */,
			);
			name = Services;
			sourceTree = "<group>";
		};
		85B7182713C3AB7D00E8A81C /* Models */ = {
			isa = PBXGroup;
			children = (
				85B7182813C3ABC900E8A81C /* Match.h */,
				85B7182913C3ABC900E8A81C /* Match.m */,
				85B7183513C3C8B000E8A81C /* SeriesTable.h */,
				85B7183613C3C8B000E8A81C /* SeriesTable.m */,
			);
			name = Models;
			sourceTree = "<group>";
		};
/* End PBXGroup section */

/* Begin PBXNativeTarget section */
		85B543BD13BBCC290065B152 /* PartilleTennis */ = {
			isa = PBXNativeTarget;
			buildConfigurationList = 85B543D613BBCC2A0065B152 /* Build configuration list for PBXNativeTarget "PartilleTennis" */;
			buildPhases = (
				85B543BA13BBCC290065B152 /* Sources */,
				85B543BB13BBCC290065B152 /* Frameworks */,
				85B543BC13BBCC290065B152 /* Resources */,
			);
			buildRules = (
			);
			dependencies = (
			);
			name = PartilleTennis;
			productName = PartilleTennis;
			productReference = 85B543BE13BBCC2A0065B152 /* PartilleTennis.app */;
			productType = "com.apple.product-type.application";
		};
/* End PBXNativeTarget section */

/* Begin PBXProject section */
		85B543B513BBCC290065B152 /* Project object */ = {
			isa = PBXProject;
			buildConfigurationList = 85B543B813BBCC290065B152 /* Build configuration list for PBXProject "PartilleTennis" */;
			compatibilityVersion = "Xcode 3.2";
			developmentRegion = English;
			hasScannedForEncodings = 0;
			knownRegions = (
				en,
			);
			mainGroup = 85B543B313BBCC290065B152;
			productRefGroup = 85B543BF13BBCC2A0065B152 /* Products */;
			projectDirPath = "";
			projectRoot = "";
			targets = (
				85B543BD13BBCC290065B152 /* PartilleTennis */,
			);
		};
/* End PBXProject section */

/* Begin PBXResourcesBuildPhase section */
		85B543BC13BBCC290065B152 /* Resources */ = {
			isa = PBXResourcesBuildPhase;
			buildActionMask = 2147483647;
			files = (
				85B543CD13BBCC2A0065B152 /* InfoPlist.strings in Resources */,
			);
			runOnlyForDeploymentPostprocessing = 0;
		};
/* End PBXResourcesBuildPhase section */

/* Begin PBXSourcesBuildPhase section */
		85B543BA13BBCC290065B152 /* Sources */ = {
			isa = PBXSourcesBuildPhase;
			buildActionMask = 2147483647;
			files = (
				85B543CF13BBCC2A0065B152 /* main.m in Sources */,
				85B543D313BBCC2A0065B152 /* PartilleTennisAppDelegate.m in Sources */,
				8504711013BBD02D0052F1F4 /* SeriesController.m in Sources */,
				8504711713BBD68B0052F1F4 /* SeriesTableController.m in Sources */,
				8504713213BBDBD50052F1F4 /* NSObject+SBJson.m in Sources */,
				8504713313BBDBD50052F1F4 /* SBJsonParser.m in Sources */,
				8504713413BBDBD50052F1F4 /* SBJsonStreamParser.m in Sources */,
				8504713513BBDBD50052F1F4 /* SBJsonStreamParserAccumulator.m in Sources */,
				8504713613BBDBD50052F1F4 /* SBJsonStreamParserAdapter.m in Sources */,
				8504713713BBDBD50052F1F4 /* SBJsonStreamParserState.m in Sources */,
				8504713813BBDBD50052F1F4 /* SBJsonStreamWriter.m in Sources */,
				8504713913BBDBD50052F1F4 /* SBJsonStreamWriterAccumulator.m in Sources */,
				8504713A13BBDBD50052F1F4 /* SBJsonStreamWriterState.m in Sources */,
				8504713B13BBDBD50052F1F4 /* SBJsonTokeniser.m in Sources */,
				8504713C13BBDBD50052F1F4 /* SBJsonUTF8Stream.m in Sources */,
				8504713D13BBDBD50052F1F4 /* SBJsonWriter.m in Sources */,
				85B7182413BE216B00E8A81C /* MatchesController.m in Sources */,
				85B7182A13C3ABC900E8A81C /* Match.m in Sources */,
				85B7182D13C3AE5D00E8A81C /* PfService.m in Sources */,
				85B7183713C3C8B100E8A81C /* SeriesTable.m in Sources */,
			);
			runOnlyForDeploymentPostprocessing = 0;
		};
/* End PBXSourcesBuildPhase section */

/* Begin PBXVariantGroup section */
		85B543CB13BBCC2A0065B152 /* InfoPlist.strings */ = {
			isa = PBXVariantGroup;
			children = (
				85B543CC13BBCC2A0065B152 /* en */,
			);
			name = InfoPlist.strings;
			sourceTree = "<group>";
		};
/* End PBXVariantGroup section */

/* Begin XCBuildConfiguration section */
		85B543D413BBCC2A0065B152 /* Debug */ = {
			isa = XCBuildConfiguration;
			buildSettings = {
				ALWAYS_SEARCH_USER_PATHS = NO;
				ARCHS = "$(ARCHS_STANDARD_32_BIT)";
				CLANG_ENABLE_OBJC_ARC = YES;
				"CODE_SIGN_IDENTITY[sdk=iphoneos*]" = "iPhone Developer";
				COPY_PHASE_STRIP = NO;
				GCC_C_LANGUAGE_STANDARD = gnu99;
				GCC_DYNAMIC_NO_PIC = NO;
				GCC_OPTIMIZATION_LEVEL = 0;
				GCC_PREPROCESSOR_DEFINITIONS = (
					"DEBUG=1",
					"$(inherited)",
				);
				GCC_SYMBOLS_PRIVATE_EXTERN = NO;
				GCC_VERSION = com.apple.compilers.llvm.clang.1_0;
				GCC_WARN_ABOUT_MISSING_PROTOTYPES = YES;
				GCC_WARN_ABOUT_RETURN_TYPE = YES;
				GCC_WARN_UNUSED_VARIABLE = YES;
				IPHONEOS_DEPLOYMENT_TARGET = 5.0;
				SDKROOT = iphoneos;
			};
			name = Debug;
		};
		85B543D513BBCC2A0065B152 /* Release */ = {
			isa = XCBuildConfiguration;
			buildSettings = {
				ALWAYS_SEARCH_USER_PATHS = NO;
				ARCHS = "$(ARCHS_STANDARD_32_BIT)";
				CLANG_ENABLE_OBJC_ARC = YES;
				"CODE_SIGN_IDENTITY[sdk=iphoneos*]" = "iPhone Developer";
				COPY_PHASE_STRIP = YES;
				GCC_C_LANGUAGE_STANDARD = gnu99;
				GCC_VERSION = com.apple.compilers.llvm.clang.1_0;
				GCC_WARN_ABOUT_MISSING_PROTOTYPES = YES;
				GCC_WARN_ABOUT_RETURN_TYPE = YES;
				GCC_WARN_UNUSED_VARIABLE = YES;
				IPHONEOS_DEPLOYMENT_TARGET = 5.0;
				OTHER_CFLAGS = "-DNS_BLOCK_ASSERTIONS=1";
				SDKROOT = iphoneos;
				VALIDATE_PRODUCT = YES;
			};
			name = Release;
		};
		85B543D713BBCC2A0065B152 /* Debug */ = {
			isa = XCBuildConfiguration;
			buildSettings = {
				GCC_PRECOMPILE_PREFIX_HEADER = YES;
				GCC_PREFIX_HEADER = "PartilleTennis/PartilleTennis-Prefix.pch";
				INFOPLIST_FILE = "PartilleTennis/PartilleTennis-Info.plist";
				IPHONEOS_DEPLOYMENT_TARGET = 4.0;
				PRODUCT_NAME = "$(TARGET_NAME)";
				WRAPPER_EXTENSION = app;
			};
			name = Debug;
		};
		85B543D813BBCC2A0065B152 /* Release */ = {
			isa = XCBuildConfiguration;
			buildSettings = {
				GCC_PRECOMPILE_PREFIX_HEADER = YES;
				GCC_PREFIX_HEADER = "PartilleTennis/PartilleTennis-Prefix.pch";
				INFOPLIST_FILE = "PartilleTennis/PartilleTennis-Info.plist";
				IPHONEOS_DEPLOYMENT_TARGET = 4.0;
				PRODUCT_NAME = "$(TARGET_NAME)";
				WRAPPER_EXTENSION = app;
			};
			name = Release;
		};
/* End XCBuildConfiguration section */

/* Begin XCConfigurationList section */
		85B543B813BBCC290065B152 /* Build configuration list for PBXProject "PartilleTennis" */ = {
			isa = XCConfigurationList;
			buildConfigurations = (
				85B543D413BBCC2A0065B152 /* Debug */,
				85B543D513BBCC2A0065B152 /* Release */,
			);
			defaultConfigurationIsVisible = 0;
			defaultConfigurationName = Release;
		};
		85B543D613BBCC2A0065B152 /* Build configuration list for PBXNativeTarget "PartilleTennis" */ = {
			isa = XCConfigurationList;
			buildConfigurations = (
				85B543D713BBCC2A0065B152 /* Debug */,
				85B543D813BBCC2A0065B152 /* Release */,
			);
			defaultConfigurationIsVisible = 0;
			defaultConfigurationName = Release;
		};
/* End XCConfigurationList section */
	};
	rootObject = 85B543B513BBCC290065B152 /* Project object */;
}
